
Microsoft Visual Studio Solution File, Format Version 12.00
# Visual Studio Express 2013 for Windows Desktop
VisualStudioVersion = 12.0.31101.0
MinimumVisualStudioVersion = 10.0.40219.1
Project("{8BC9CEB8-8B4A-11D0-8D11-00A0C91BC942}") = "Borwell Challenge", "Borwell Challenge\Borwell Challenge.vcxproj", "{ECEB1790-9984-4574-95DA-93AE8AA386AA}"
EndProject
Global
	GlobalSection(SolutionConfigurationPlatforms) = preSolution
		Debug|Win32 = Debug|Win32
		Release|Win32 = Release|Win32
	EndGlobalSection
	GlobalSection(ProjectConfigurationPlatforms) = postSolution
		{ECEB1790-9984-4574-95DA-93AE8AA386AA}.Debug|Win32.ActiveCfg = Debug|Win32
		{ECEB1790-9984-4574-95DA-93AE8AA386AA}.Debug|Win32.Build.0 = Debug|Win32
		{ECEB1790-9984-4574-95DA-93AE8AA386AA}.Release|Win32.ActiveCfg = Release|Win32
		{ECEB1790-9984-4574-95DA-93AE8AA386AA}.Release|Win32.Build.0 = Release|Win32
	EndGlobalSection
	GlobalSection(SolutionProperties) = preSolution
		HideSolutionNode = FALSE
	EndGlobalSection
EndGlobal
